Microsoft Visual Studio Solution File, Format Version 12.00
# Visual Studio Version 17
VisualStudioVersion = 17.0.31903.59
MinimumVisualStudioVersion = 10.0.40219.1

Project("{FAE04EC0-301F-11D3-BF4B-00C04F79EFBC}") = "ALARM.Core", "src\ALARM.Core\ALARM.Core.csproj", "{A1B2C3D4-E5F6-7890-ABCD-123456789012}"
EndProject

Project("{FAE04EC0-301F-11D3-BF4B-00C04F79EFBC}") = "ALARM.Adapters.AutoCAD", "adapters\ALARM.Adapters.AutoCAD\ALARM.Adapters.AutoCAD.csproj", "{B2C3D4E5-F6G7-8901-BCDE-234567890123}"
EndProject

Project("{FAE04EC0-301F-11D3-BF4B-00C04F79EFBC}") = "ALARM.Adapters.Oracle", "adapters\ALARM.Adapters.Oracle\ALARM.Adapters.Oracle.csproj", "{C3D4E5F6-G7H8-9012-CDEF-345678901234}"
EndProject

Project("{FAE04EC0-301F-11D3-BF4B-00C04F79EFBC}") = "ALARM.Interop", "interop\ALARM.Interop\ALARM.Interop.csproj", "{D4E5F6G7-H8I9-0123-DEF0-456789012345}"
EndProject

Project("{FAE04EC0-301F-11D3-BF4B-00C04F79EFBC}") = "ALARM.Core.Tests", "tests\ALARM.Core.Tests\ALARM.Core.Tests.csproj", "{E5F6G7H8-I9J0-1234-EF01-567890123456}"
EndProject

Project("{FAE04EC0-301F-11D3-BF4B-00C04F79EFBC}") = "ALARM.Adapters.Tests", "tests\ALARM.Adapters.Tests\ALARM.Adapters.Tests.csproj", "{F6G7H8I9-J0K1-2345-F012-678901234567}"
EndProject

Project("{2150E333-8FDC-42A3-9474-1A3956D46DE8}") = "src", "src", "{01234567-89AB-CDEF-0123-456789ABCDEF}"
EndProject

Project("{2150E333-8FDC-42A3-9474-1A3956D46DE8}") = "adapters", "adapters", "{12345678-9ABC-DEF0-1234-56789ABCDEF0}"
EndProject

Project("{2150E333-8FDC-42A3-9474-1A3956D46DE8}") = "interop", "interop", "{23456789-ABCD-EF01-2345-6789ABCDEF01}"
EndProject

Project("{2150E333-8FDC-42A3-9474-1A3956D46DE8}") = "tests", "tests", "{3456789A-BCDE-F012-3456-789ABCDEF012}"
EndProject

Global
	GlobalSection(SolutionConfigurationPlatforms) = preSolution
		Debug|Any CPU = Debug|Any CPU
		Debug|x64 = Debug|x64
		Release|Any CPU = Release|Any CPU
		Release|x64 = Release|x64
	EndGlobalSection
	
	GlobalSection(ProjectConfigurationPlatforms) = postSolution
		{A1B2C3D4-E5F6-7890-ABCD-123456789012}.Debug|Any CPU.ActiveCfg = Debug|Any CPU
		{A1B2C3D4-E5F6-7890-ABCD-123456789012}.Debug|Any CPU.Build.0 = Debug|Any CPU
		{A1B2C3D4-E5F6-7890-ABCD-123456789012}.Debug|x64.ActiveCfg = Debug|x64
		{A1B2C3D4-E5F6-7890-ABCD-123456789012}.Debug|x64.Build.0 = Debug|x64
		{A1B2C3D4-E5F6-7890-ABCD-123456789012}.Release|Any CPU.ActiveCfg = Release|Any CPU
		{A1B2C3D4-E5F6-7890-ABCD-123456789012}.Release|Any CPU.Build.0 = Release|Any CPU
		{A1B2C3D4-E5F6-7890-ABCD-123456789012}.Release|x64.ActiveCfg = Release|x64
		{A1B2C3D4-E5F6-7890-ABCD-123456789012}.Release|x64.Build.0 = Release|x64
		
		{B2C3D4E5-F6G7-8901-BCDE-234567890123}.Debug|Any CPU.ActiveCfg = Debug|Any CPU
		{B2C3D4E5-F6G7-8901-BCDE-234567890123}.Debug|Any CPU.Build.0 = Debug|Any CPU
		{B2C3D4E5-F6G7-8901-BCDE-234567890123}.Debug|x64.ActiveCfg = Debug|x64
		{B2C3D4E5-F6G7-8901-BCDE-234567890123}.Debug|x64.Build.0 = Debug|x64
		{B2C3D4E5-F6G7-8901-BCDE-234567890123}.Release|Any CPU.ActiveCfg = Release|Any CPU
		{B2C3D4E5-F6G7-8901-BCDE-234567890123}.Release|Any CPU.Build.0 = Release|Any CPU
		{B2C3D4E5-F6G7-8901-BCDE-234567890123}.Release|x64.ActiveCfg = Release|x64
		{B2C3D4E5-F6G7-8901-BCDE-234567890123}.Release|x64.Build.0 = Release|x64
		
		{C3D4E5F6-G7H8-9012-CDEF-345678901234}.Debug|Any CPU.ActiveCfg = Debug|Any CPU
		{C3D4E5F6-G7H8-9012-CDEF-345678901234}.Debug|Any CPU.Build.0 = Debug|Any CPU
		{C3D4E5F6-G7H8-9012-CDEF-345678901234}.Debug|x64.ActiveCfg = Debug|x64
		{C3D4E5F6-G7H8-9012-CDEF-345678901234}.Debug|x64.Build.0 = Debug|x64
		{C3D4E5F6-G7H8-9012-CDEF-345678901234}.Release|Any CPU.ActiveCfg = Release|Any CPU
		{C3D4E5F6-G7H8-9012-CDEF-345678901234}.Release|Any CPU.Build.0 = Release|Any CPU
		{C3D4E5F6-G7H8-9012-CDEF-345678901234}.Release|x64.ActiveCfg = Release|x64
		{C3D4E5F6-G7H8-9012-CDEF-345678901234}.Release|x64.Build.0 = Release|x64
		
		{D4E5F6G7-H8I9-0123-DEF0-456789012345}.Debug|Any CPU.ActiveCfg = Debug|Any CPU
		{D4E5F6G7-H8I9-0123-DEF0-456789012345}.Debug|Any CPU.Build.0 = Debug|Any CPU
		{D4E5F6G7-H8I9-0123-DEF0-456789012345}.Debug|x64.ActiveCfg = Debug|x64
		{D4E5F6G7-H8I9-0123-DEF0-456789012345}.Debug|x64.Build.0 = Debug|x64
		{D4E5F6G7-H8I9-0123-DEF0-456789012345}.Release|Any CPU.ActiveCfg = Release|Any CPU
		{D4E5F6G7-H8I9-0123-DEF0-456789012345}.Release|Any CPU.Build.0 = Release|Any CPU
		{D4E5F6G7-H8I9-0123-DEF0-456789012345}.Release|x64.ActiveCfg = Release|x64
		{D4E5F6G7-H8I9-0123-DEF0-456789012345}.Release|x64.Build.0 = Release|x64
		
		{E5F6G7H8-I9J0-1234-EF01-567890123456}.Debug|Any CPU.ActiveCfg = Debug|Any CPU
		{E5F6G7H8-I9J0-1234-EF01-567890123456}.Debug|Any CPU.Build.0 = Debug|Any CPU
		{E5F6G7H8-I9J0-1234-EF01-567890123456}.Debug|x64.ActiveCfg = Debug|x64
		{E5F6G7H8-I9J0-1234-EF01-567890123456}.Debug|x64.Build.0 = Debug|x64
		{E5F6G7H8-I9J0-1234-EF01-567890123456}.Release|Any CPU.ActiveCfg = Release|Any CPU
		{E5F6G7H8-I9J0-1234-EF01-567890123456}.Release|Any CPU.Build.0 = Release|Any CPU
		{E5F6G7H8-I9J0-1234-EF01-567890123456}.Release|x64.ActiveCfg = Release|x64
		{E5F6G7H8-I9J0-1234-EF01-567890123456}.Release|x64.Build.0 = Release|x64
		
		{F6G7H8I9-J0K1-2345-F012-678901234567}.Debug|Any CPU.ActiveCfg = Debug|Any CPU
		{F6G7H8I9-J0K1-2345-F012-678901234567}.Debug|Any CPU.Build.0 = Debug|Any CPU
		{F6G7H8I9-J0K1-2345-F012-678901234567}.Debug|x64.ActiveCfg = Debug|x64
		{F6G7H8I9-J0K1-2345-F012-678901234567}.Debug|x64.Build.0 = Debug|x64
		{F6G7H8I9-J0K1-2345-F012-678901234567}.Release|Any CPU.ActiveCfg = Release|Any CPU
		{F6G7H8I9-J0K1-2345-F012-678901234567}.Release|Any CPU.Build.0 = Release|Any CPU
		{F6G7H8I9-J0K1-2345-F012-678901234567}.Release|x64.ActiveCfg = Release|x64
		{F6G7H8I9-J0K1-2345-F012-678901234567}.Release|x64.Build.0 = Release|x64
	EndGlobalSection
	
	GlobalSection(NestedProjects) = preSolution
		{A1B2C3D4-E5F6-7890-ABCD-123456789012} = {01234567-89AB-CDEF-0123-456789ABCDEF}
		{B2C3D4E5-F6G7-8901-BCDE-234567890123} = {12345678-9ABC-DEF0-1234-56789ABCDEF0}
		{C3D4E5F6-G7H8-9012-CDEF-345678901234} = {12345678-9ABC-DEF0-1234-56789ABCDEF0}
		{D4E5F6G7-H8I9-0123-DEF0-456789012345} = {23456789-ABCD-EF01-2345-6789ABCDEF01}
		{E5F6G7H8-I9J0-1234-EF01-567890123456} = {3456789A-BCDE-F012-3456-789ABCDEF012}
		{F6G7H8I9-J0K1-2345-F012-678901234567} = {3456789A-BCDE-F012-3456-789ABCDEF012}
	EndGlobalSection
EndGlobal
